{
  "name": "use-dependency-list",
  "version": "1.0.0",
  "lockfileVersion": 3,
  "requires": true,
  "packages": {
    "": {
      "name": "use-dependency-list",
      "version": "1.0.0",
      "license": "ISC",
      "dependencies": {
        "@types/react": "^18.0.28",
        "react": "^18.2.0"
      },
      "devDependencies": {
        "typescript": "^5.0.2"
      },
      "optionalDependencies": {
        "@types/node": "^18.15.6",
        "@types/react": "^18.0.28"
      }
    },
    "node_modules/@types/node": {
      "version": "18.15.6",
      "resolved": "https://pkgs.dev.azure.com/klaritylaw/Klarity/_packaging/klarity-npm/npm/registry/@types/node/-/node-18.15.6.tgz",
      "integrity": "sha1-r5jvSjbnrF8tAwQPMQn8zpcr9ss=",
      "license": "MIT",
      "optional": true
    },
    "node_modules/@types/prop-types": {
      "version": "15.7.5",
      "resolved": "https://pkgs.dev.azure.com/klaritylaw/Klarity/_packaging/klarity-npm/npm/registry/@types/prop-types/-/prop-types-15.7.5.tgz",
      "integrity": "sha1-XxnSuFqY6VWANvajysyIGUIPBc8=",
      "license": "MIT",
      "optional": true
    },
    "node_modules/@types/react": {
      "version": "18.0.28",
      "resolved": "https://pkgs.dev.azure.com/klaritylaw/Klarity/_packaging/klarity-npm/npm/registry/@types/react/-/react-18.0.28.tgz",
      "integrity": "sha1-rMrri4b0kIBXrWKaJmNf5kFIAGU=",
      "license": "MIT",
      "optional": true,
      "dependencies": {
        "@types/prop-types": "*",
        "@types/scheduler": "*",
        "csstype": "^3.0.2"
      }
    },
    "node_modules/@types/scheduler": {
      "version": "0.16.3",
      "resolved": "https://pkgs.dev.azure.com/klaritylaw/Klarity/_packaging/klarity-npm/npm/registry/@types/scheduler/-/scheduler-0.16.3.tgz",
      "integrity": "sha1-zvCePsmvHWPSpsxbODpzfiTm3PU=",
      "license": "MIT",
      "optional": true
    },
    "node_modules/csstype": {
      "version": "3.1.1",
      "resolved": "https://pkgs.dev.azure.com/klaritylaw/Klarity/_packaging/klarity-npm/npm/registry/csstype/-/csstype-3.1.1.tgz",
      "integrity": "sha1-hBtTLEXHWO5UahHVvXt7RzyMMLk=",
      "license": "MIT",
      "optional": true
    },
    "node_modules/js-tokens": {
      "version": "4.0.0",
      "resolved": "https://pkgs.dev.azure.com/klaritylaw/Klarity/_packaging/klarity-npm/npm/registry/js-tokens/-/js-tokens-4.0.0.tgz",
      "integrity": "sha1-GSA/tZmR35jjoocFDUZHzerzJJk=",
      "license": "MIT"
    },
    "node_modules/loose-envify": {
      "version": "1.4.0",
      "resolved": "https://pkgs.dev.azure.com/klaritylaw/Klarity/_packaging/klarity-npm/npm/registry/loose-envify/-/loose-envify-1.4.0.tgz",
      "integrity": "sha1-ce5R+nvkyuwaY4OffmgtgTLTDK8=",
      "license": "MIT",
      "dependencies": {
        "js-tokens": "^3.0.0 || ^4.0.0"
      },
      "bin": {
        "loose-envify": "cli.js"
      }
    },
    "node_modules/react": {
      "version": "18.2.0",
      "resolved": "https://pkgs.dev.azure.com/klaritylaw/Klarity/_packaging/klarity-npm/npm/registry/react/-/react-18.2.0.tgz",
      "integrity": "sha1-VVvZhZKIMlX6AN4U8RUakXtdd9U=",
      "license": "MIT",
      "dependencies": {
        "loose-envify": "^1.1.0"
      },
      "engines": {
        "node": ">=0.10.0"
      }
    },
    "node_modules/typescript": {
      "version": "5.0.2",
      "resolved": "https://pkgs.dev.azure.com/klaritylaw/Klarity/_packaging/klarity-npm/npm/registry/typescript/-/typescript-5.0.2.tgz",
      "integrity": "sha1-iR4akMUYnYUGr2S575Kfypm6HuU=",
      "dev": true,
      "license": "Apache-2.0",
      "bin": {
        "tsc": "bin/tsc",
        "tsserver": "bin/tsserver"
      },
      "engines": {
        "node": ">=12.20"
      }
    }
  }
}
